
Microsoft Visual Studio Solution File, Format Version 12.00
# Visual Studio Version 17
VisualStudioVersion = 17.5.002.0
MinimumVisualStudioVersion = 10.0.40219.1
Project("{9A19103F-16F7-4668-BE54-9A1E7A4F7556}") = "PlanningRouteWeb", "PlanningRouteWeb.csproj", "{563B0B7D-D95F-40A0-9663-61149F617581}"
EndProject
Global
	GlobalSection(SolutionConfigurationPlatforms) = preSolution
		Debug|Any CPU = Debug|Any CPU
		Release|Any CPU = Release|Any CPU
	EndGlobalSection
	GlobalSection(ProjectConfigurationPlatforms) = postSolution
		{563B0B7D-D95F-40A0-9663-61149F617581}.Debug|Any CPU.ActiveCfg = Debug|Any CPU
		{563B0B7D-D95F-40A0-9663-61149F617581}.Debug|Any CPU.Build.0 = Debug|Any CPU
		{563B0B7D-D95F-40A0-9663-61149F617581}.Release|Any CPU.ActiveCfg = Release|Any CPU
		{563B0B7D-D95F-40A0-9663-61149F617581}.Release|Any CPU.Build.0 = Release|Any CPU
	EndGlobalSection
	GlobalSection(SolutionProperties) = preSolution
		HideSolutionNode = FALSE
	EndGlobalSection
	GlobalSection(ExtensibilityGlobals) = postSolution
		SolutionGuid = {938E0BF4-C5D4-4E87-AD0C-58D992232992}
	EndGlobalSection
EndGlobal
